
Microsoft Visual Studio Solution File, Format Version 12.00
# Visual Studio 15
VisualStudioVersion = 15.0.27130.2027
MinimumVisualStudioVersion = 10.0.40219.1
Project("{9092AA53-FB77-4645-B42D-1CCCA6BD08BD}") = "MyFirstNodeJsConsoleApp", "MyFirstNodeJsConsoleApp\MyFirstNodeJsConsoleApp.njsproj", "{B776C9D2-34BF-4592-9888-379748C41961}"
EndProject
Global
	GlobalSection(SolutionConfigurationPlatforms) = preSolution
		Debug|Any CPU = Debug|Any CPU
		Release|Any CPU = Release|Any CPU
	EndGlobalSection
	GlobalSection(ProjectConfigurationPlatforms) = postSolution
		{B776C9D2-34BF-4592-9888-379748C41961}.Debug|Any CPU.ActiveCfg = Debug|Any CPU
		{B776C9D2-34BF-4592-9888-379748C41961}.Debug|Any CPU.Build.0 = Debug|Any CPU
		{B776C9D2-34BF-4592-9888-379748C41961}.Release|Any CPU.ActiveCfg = Release|Any CPU
		{B776C9D2-34BF-4592-9888-379748C41961}.Release|Any CPU.Build.0 = Release|Any CPU
	EndGlobalSection
	GlobalSection(SolutionProperties) = preSolution
		HideSolutionNode = FALSE
	EndGlobalSection
	GlobalSection(ExtensibilityGlobals) = postSolution
		SolutionGuid = {90DA8641-0D2B-4597-B770-237C0BB86BC1}
	EndGlobalSection
EndGlobal
